
Microsoft Visual Studio Solution File, Format Version 12.00
# Visual Studio Version 17
VisualStudioVersion = 17.2.32526.322
MinimumVisualStudioVersion = 10.0.40219.1
Project("{9A19103F-16F7-4668-BE54-9A1E7A4F7556}") = "BlazugLib", "BlazugLib\BlazugLib.csproj", "{3AD28147-D482-4872-90A2-9D10F56A3F94}"
EndProject
Project("{FAE04EC0-301F-11D3-BF4B-00C04F79EFBC}") = "Dev", "Dev\Dev.csproj", "{60D7A838-C1C5-496B-ACC0-97ABEBFA43CB}"
EndProject
Global
	GlobalSection(SolutionConfigurationPlatforms) = preSolution
		Debug|Any CPU = Debug|Any CPU
		Release|Any CPU = Release|Any CPU
	EndGlobalSection
	GlobalSection(ProjectConfigurationPlatforms) = postSolution
		{3AD28147-D482-4872-90A2-9D10F56A3F94}.Debug|Any CPU.ActiveCfg = Debug|Any CPU
		{3AD28147-D482-4872-90A2-9D10F56A3F94}.Debug|Any CPU.Build.0 = Debug|Any CPU
		{3AD28147-D482-4872-90A2-9D10F56A3F94}.Release|Any CPU.ActiveCfg = Release|Any CPU
		{3AD28147-D482-4872-90A2-9D10F56A3F94}.Release|Any CPU.Build.0 = Release|Any CPU
		{60D7A838-C1C5-496B-ACC0-97ABEBFA43CB}.Debug|Any CPU.ActiveCfg = Debug|Any CPU
		{60D7A838-C1C5-496B-ACC0-97ABEBFA43CB}.Debug|Any CPU.Build.0 = Debug|Any CPU
		{60D7A838-C1C5-496B-ACC0-97ABEBFA43CB}.Release|Any CPU.ActiveCfg = Release|Any CPU
		{60D7A838-C1C5-496B-ACC0-97ABEBFA43CB}.Release|Any CPU.Build.0 = Release|Any CPU
	EndGlobalSection
	GlobalSection(SolutionProperties) = preSolution
		HideSolutionNode = FALSE
	EndGlobalSection
	GlobalSection(ExtensibilityGlobals) = postSolution
		SolutionGuid = {8FDDC90B-9575-4C88-84D4-1857317892A4}
	EndGlobalSection
EndGlobal
